
Microsoft Visual Studio Solution File, Format Version 12.00
# Visual Studio Version 17
VisualStudioVersion = 17.5.33516.290
MinimumVisualStudioVersion = 10.0.40219.1
Project("{FAE04EC0-301F-11D3-BF4B-00C04F79EFBC}") = "UserLogin", "UserLogin\UserLogin.csproj", "{29C8862B-E0EE-4943-BCB8-60E08FA7B5F6}"
EndProject
Project("{2150E333-8FDC-42A3-9474-1A3956D46DE8}") = "Solution Items", "Solution Items", "{84DCDD44-BD47-4DE1-A003-215E941DD7D2}"
EndProject
Project("{9A19103F-16F7-4668-BE54-9A1E7A4F7556}") = "StudentInfoSystem", "StudentInfoSystem\StudentInfoSystem.csproj", "{1B178C2F-2EBF-4F1C-9F07-5ACF4256649D}"
EndProject
Project("{FAE04EC0-301F-11D3-BF4B-00C04F79EFBC}") = "WPFhello", "WPFhello\WPFhello.csproj", "{F7F10F48-AB47-446B-B87D-5FF5BA47FC84}"
EndProject
Global
	GlobalSection(SolutionConfigurationPlatforms) = preSolution
		Debug|Any CPU = Debug|Any CPU
		Release|Any CPU = Release|Any CPU
	EndGlobalSection
	GlobalSection(ProjectConfigurationPlatforms) = postSolution
		{29C8862B-E0EE-4943-BCB8-60E08FA7B5F6}.Debug|Any CPU.ActiveCfg = Debug|Any CPU
		{29C8862B-E0EE-4943-BCB8-60E08FA7B5F6}.Debug|Any CPU.Build.0 = Debug|Any CPU
		{29C8862B-E0EE-4943-BCB8-60E08FA7B5F6}.Release|Any CPU.ActiveCfg = Release|Any CPU
		{29C8862B-E0EE-4943-BCB8-60E08FA7B5F6}.Release|Any CPU.Build.0 = Release|Any CPU
		{1B178C2F-2EBF-4F1C-9F07-5ACF4256649D}.Debug|Any CPU.ActiveCfg = Debug|Any CPU
		{1B178C2F-2EBF-4F1C-9F07-5ACF4256649D}.Debug|Any CPU.Build.0 = Debug|Any CPU
		{1B178C2F-2EBF-4F1C-9F07-5ACF4256649D}.Release|Any CPU.ActiveCfg = Release|Any CPU
		{1B178C2F-2EBF-4F1C-9F07-5ACF4256649D}.Release|Any CPU.Build.0 = Release|Any CPU
		{F7F10F48-AB47-446B-B87D-5FF5BA47FC84}.Debug|Any CPU.ActiveCfg = Debug|Any CPU
		{F7F10F48-AB47-446B-B87D-5FF5BA47FC84}.Debug|Any CPU.Build.0 = Debug|Any CPU
		{F7F10F48-AB47-446B-B87D-5FF5BA47FC84}.Release|Any CPU.ActiveCfg = Release|Any CPU
		{F7F10F48-AB47-446B-B87D-5FF5BA47FC84}.Release|Any CPU.Build.0 = Release|Any CPU
	EndGlobalSection
	GlobalSection(SolutionProperties) = preSolution
		HideSolutionNode = FALSE
	EndGlobalSection
	GlobalSection(ExtensibilityGlobals) = postSolution
		SolutionGuid = {6D8D4957-93BB-4C8C-9CC0-187500D3CE12}
	EndGlobalSection
EndGlobal
